
Microsoft Visual Studio Solution File, Format Version 12.00
# Visual Studio Version 17
VisualStudioVersion = 17.14.36401.2 d17.14
MinimumVisualStudioVersion = 10.0.40219.1
Project("{FAE04EC0-301F-11D3-BF4B-00C04F79EFBC}") = "ShortestPath_Calculator", "ShortestPath_Calculator.csproj", "{D55EA0A7-5D82-43F0-B1D4-713FD586FA88}"
EndProject
Global
	GlobalSection(SolutionConfigurationPlatforms) = preSolution
		Debug|Any CPU = Debug|Any CPU
		Release|Any CPU = Release|Any CPU
	EndGlobalSection
	GlobalSection(ProjectConfigurationPlatforms) = postSolution
		{D55EA0A7-5D82-43F0-B1D4-713FD586FA88}.Debug|Any CPU.ActiveCfg = Debug|Any CPU
		{D55EA0A7-5D82-43F0-B1D4-713FD586FA88}.Debug|Any CPU.Build.0 = Debug|Any CPU
		{D55EA0A7-5D82-43F0-B1D4-713FD586FA88}.Release|Any CPU.ActiveCfg = Release|Any CPU
		{D55EA0A7-5D82-43F0-B1D4-713FD586FA88}.Release|Any CPU.Build.0 = Release|Any CPU
	EndGlobalSection
	GlobalSection(SolutionProperties) = preSolution
		HideSolutionNode = FALSE
	EndGlobalSection
	GlobalSection(ExtensibilityGlobals) = postSolution
		SolutionGuid = {2154DB16-E81F-4914-BD55-4CD89F9B613B}
	EndGlobalSection
EndGlobal
